
Microsoft Visual Studio Solution File, Format Version 12.00
# Visual Studio Version 17
VisualStudioVersion = 17.4.33205.214
MinimumVisualStudioVersion = 10.0.40219.1
Project("{FAE04EC0-301F-11D3-BF4B-00C04F79EFBC}") = "task -class", "task -class\task -class.csproj", "{2E3390C9-3578-4AF2-8AEF-77DB3E628D7B}"
EndProject
Global
	GlobalSection(SolutionConfigurationPlatforms) = preSolution
		Debug|Any CPU = Debug|Any CPU
		Release|Any CPU = Release|Any CPU
	EndGlobalSection
	GlobalSection(ProjectConfigurationPlatforms) = postSolution
		{2E3390C9-3578-4AF2-8AEF-77DB3E628D7B}.Debug|Any CPU.ActiveCfg = Debug|Any CPU
		{2E3390C9-3578-4AF2-8AEF-77DB3E628D7B}.Debug|Any CPU.Build.0 = Debug|Any CPU
		{2E3390C9-3578-4AF2-8AEF-77DB3E628D7B}.Release|Any CPU.ActiveCfg = Release|Any CPU
		{2E3390C9-3578-4AF2-8AEF-77DB3E628D7B}.Release|Any CPU.Build.0 = Release|Any CPU
	EndGlobalSection
	GlobalSection(SolutionProperties) = preSolution
		HideSolutionNode = FALSE
	EndGlobalSection
	GlobalSection(ExtensibilityGlobals) = postSolution
		SolutionGuid = {A6183C77-D957-4B74-BBE3-AEE5BE6365B6}
	EndGlobalSection
EndGlobal
